
Microsoft Visual Studio Solution File, Format Version 12.00
# Visual Studio 15
VisualStudioVersion = 15.0.28010.2048
MinimumVisualStudioVersion = 10.0.40219.1
Project("{FAE04EC0-301F-11D3-BF4B-00C04F79EFBC}") = "Test_Seed", "Test_Seed\Test_Seed.csproj", "{1C667E37-658E-4E29-87E2-4C2535CCB5CE}"
EndProject
Global
	GlobalSection(SolutionConfigurationPlatforms) = preSolution
		Debug|Any CPU = Debug|Any CPU
		Release|Any CPU = Release|Any CPU
	EndGlobalSection
	GlobalSection(ProjectConfigurationPlatforms) = postSolution
		{1C667E37-658E-4E29-87E2-4C2535CCB5CE}.Debug|Any CPU.ActiveCfg = Debug|Any CPU
		{1C667E37-658E-4E29-87E2-4C2535CCB5CE}.Debug|Any CPU.Build.0 = Debug|Any CPU
		{1C667E37-658E-4E29-87E2-4C2535CCB5CE}.Release|Any CPU.ActiveCfg = Release|Any CPU
		{1C667E37-658E-4E29-87E2-4C2535CCB5CE}.Release|Any CPU.Build.0 = Release|Any CPU
	EndGlobalSection
	GlobalSection(SolutionProperties) = preSolution
		HideSolutionNode = FALSE
	EndGlobalSection
	GlobalSection(ExtensibilityGlobals) = postSolution
		SolutionGuid = {F4B7D656-3B9C-4D54-9F6D-B396C7491ED5}
	EndGlobalSection
EndGlobal
